
Microsoft Visual Studio Solution File, Format Version 12.00
# Visual Studio Version 16
VisualStudioVersion = 16.0.31112.23
MinimumVisualStudioVersion = 10.0.40219.1
Project("{9A19103F-16F7-4668-BE54-9A1E7A4F7556}") = "MiniMsg", "MiniMsg\MiniMsg.csproj", "{BDC4DCBE-0B2C-4ECA-84F0-7725D4F4C1AD}"
EndProject
Project("{9A19103F-16F7-4668-BE54-9A1E7A4F7556}") = "MiniGrpc", "MiniGrpc\MiniGrpc.csproj", "{85B884FD-8DCB-464E-A118-2EEEBFAF8A07}"
EndProject
Project("{9A19103F-16F7-4668-BE54-9A1E7A4F7556}") = "ConsoleApp1", "ConsoleApp1\ConsoleApp1.csproj", "{4577F5AE-6854-4B1B-8BC0-676D3CF9DF43}"
EndProject
Project("{9A19103F-16F7-4668-BE54-9A1E7A4F7556}") = "ZeroMQ.netcore", "clrzmq4-master\ZeroMQ.netcore.csproj", "{C6E80151-518E-4AAE-B397-E7AC2CEBDE5C}"
EndProject
Project("{9A19103F-16F7-4668-BE54-9A1E7A4F7556}") = "INetTransfer", "INetTransfer\INetTransfer.csproj", "{81C834D0-D8F5-4E41-B83E-42757304A0E3}"
EndProject
Project("{2150E333-8FDC-42A3-9474-1A3956D46DE8}") = "Transfer", "Transfer", "{9FC2D2C5-537E-4049-9CE5-5371D77CF211}"
EndProject
Project("{9A19103F-16F7-4668-BE54-9A1E7A4F7556}") = "NngTransferNative", "NngTransferNative\NngTransferNative.csproj", "{4101E333-074C-42F9-A4E9-D546F287CBAE}"
EndProject
Project("{9A19103F-16F7-4668-BE54-9A1E7A4F7556}") = "UdtTransferNative", "UdtTransferNative\UdtTransferNative.csproj", "{69A7F05F-AA69-425E-A9E5-5726D93AF129}"
EndProject
Global
	GlobalSection(SolutionConfigurationPlatforms) = preSolution
		Debug|Any CPU = Debug|Any CPU
		Release|Any CPU = Release|Any CPU
	EndGlobalSection
	GlobalSection(ProjectConfigurationPlatforms) = postSolution
		{BDC4DCBE-0B2C-4ECA-84F0-7725D4F4C1AD}.Debug|Any CPU.ActiveCfg = Debug|Any CPU
		{BDC4DCBE-0B2C-4ECA-84F0-7725D4F4C1AD}.Debug|Any CPU.Build.0 = Debug|Any CPU
		{BDC4DCBE-0B2C-4ECA-84F0-7725D4F4C1AD}.Release|Any CPU.ActiveCfg = Release|Any CPU
		{BDC4DCBE-0B2C-4ECA-84F0-7725D4F4C1AD}.Release|Any CPU.Build.0 = Release|Any CPU
		{85B884FD-8DCB-464E-A118-2EEEBFAF8A07}.Debug|Any CPU.ActiveCfg = Debug|Any CPU
		{85B884FD-8DCB-464E-A118-2EEEBFAF8A07}.Debug|Any CPU.Build.0 = Debug|Any CPU
		{85B884FD-8DCB-464E-A118-2EEEBFAF8A07}.Release|Any CPU.ActiveCfg = Release|Any CPU
		{85B884FD-8DCB-464E-A118-2EEEBFAF8A07}.Release|Any CPU.Build.0 = Release|Any CPU
		{4577F5AE-6854-4B1B-8BC0-676D3CF9DF43}.Debug|Any CPU.ActiveCfg = Debug|Any CPU
		{4577F5AE-6854-4B1B-8BC0-676D3CF9DF43}.Debug|Any CPU.Build.0 = Debug|Any CPU
		{4577F5AE-6854-4B1B-8BC0-676D3CF9DF43}.Release|Any CPU.ActiveCfg = Release|Any CPU
		{4577F5AE-6854-4B1B-8BC0-676D3CF9DF43}.Release|Any CPU.Build.0 = Release|Any CPU
		{C6E80151-518E-4AAE-B397-E7AC2CEBDE5C}.Debug|Any CPU.ActiveCfg = Debug|Any CPU
		{C6E80151-518E-4AAE-B397-E7AC2CEBDE5C}.Debug|Any CPU.Build.0 = Debug|Any CPU
		{C6E80151-518E-4AAE-B397-E7AC2CEBDE5C}.Release|Any CPU.ActiveCfg = Release|Any CPU
		{C6E80151-518E-4AAE-B397-E7AC2CEBDE5C}.Release|Any CPU.Build.0 = Release|Any CPU
		{81C834D0-D8F5-4E41-B83E-42757304A0E3}.Debug|Any CPU.ActiveCfg = Debug|Any CPU
		{81C834D0-D8F5-4E41-B83E-42757304A0E3}.Debug|Any CPU.Build.0 = Debug|Any CPU
		{81C834D0-D8F5-4E41-B83E-42757304A0E3}.Release|Any CPU.ActiveCfg = Release|Any CPU
		{81C834D0-D8F5-4E41-B83E-42757304A0E3}.Release|Any CPU.Build.0 = Release|Any CPU
		{4101E333-074C-42F9-A4E9-D546F287CBAE}.Debug|Any CPU.ActiveCfg = Debug|Any CPU
		{4101E333-074C-42F9-A4E9-D546F287CBAE}.Debug|Any CPU.Build.0 = Debug|Any CPU
		{4101E333-074C-42F9-A4E9-D546F287CBAE}.Release|Any CPU.ActiveCfg = Release|Any CPU
		{4101E333-074C-42F9-A4E9-D546F287CBAE}.Release|Any CPU.Build.0 = Release|Any CPU
		{69A7F05F-AA69-425E-A9E5-5726D93AF129}.Debug|Any CPU.ActiveCfg = Debug|Any CPU
		{69A7F05F-AA69-425E-A9E5-5726D93AF129}.Debug|Any CPU.Build.0 = Debug|Any CPU
		{69A7F05F-AA69-425E-A9E5-5726D93AF129}.Release|Any CPU.ActiveCfg = Release|Any CPU
		{69A7F05F-AA69-425E-A9E5-5726D93AF129}.Release|Any CPU.Build.0 = Release|Any CPU
	EndGlobalSection
	GlobalSection(SolutionProperties) = preSolution
		HideSolutionNode = FALSE
	EndGlobalSection
	GlobalSection(NestedProjects) = preSolution
		{81C834D0-D8F5-4E41-B83E-42757304A0E3} = {9FC2D2C5-537E-4049-9CE5-5371D77CF211}
		{4101E333-074C-42F9-A4E9-D546F287CBAE} = {9FC2D2C5-537E-4049-9CE5-5371D77CF211}
		{69A7F05F-AA69-425E-A9E5-5726D93AF129} = {9FC2D2C5-537E-4049-9CE5-5371D77CF211}
	EndGlobalSection
	GlobalSection(ExtensibilityGlobals) = postSolution
		SolutionGuid = {640917F5-DCF6-414E-A4AE-8F2FE26DA285}
	EndGlobalSection
EndGlobal
